
Microsoft Visual Studio Solution File, Format Version 12.00
# Visual Studio 2013
VisualStudioVersion = 12.0.30501.0
MinimumVisualStudioVersion = 10.0.40219.1
Project("{FAE04EC0-301F-11D3-BF4B-00C04F79EFBC}") = "Web", "Web\Web.csproj", "{190C420C-E698-427B-BC33-826B020977B8}"
EndProject
Project("{2150E333-8FDC-42A3-9474-1A3956D46DE8}") = "Partner", "Partner", "{799933AE-FE49-4758-BDE8-171518D7068F}"
EndProject
Project("{2150E333-8FDC-42A3-9474-1A3956D46DE8}") = "Dao", "Dao", "{6646EEC6-11AA-4224-98E0-75DF0F4363B9}"
EndProject
Project("{2150E333-8FDC-42A3-9474-1A3956D46DE8}") = "Service", "Service", "{76E0EB01-FEBE-4EBB-BB0B-3A6BEE811540}"
EndProject
Project("{2150E333-8FDC-42A3-9474-1A3956D46DE8}") = "Common", "Common", "{567713F8-5B6B-4876-9527-79C4681DC982}"
EndProject
Project("{FAE04EC0-301F-11D3-BF4B-00C04F79EFBC}") = "Common", "Common\Common.csproj", "{9870A78C-762A-4AFC-AB74-645C7688B7C8}"
EndProject
Project("{FAE04EC0-301F-11D3-BF4B-00C04F79EFBC}") = "Dao", "Dao\Dao.csproj", "{530DCB5D-984B-406B-A897-5C1E6888A438}"
EndProject
Project("{FAE04EC0-301F-11D3-BF4B-00C04F79EFBC}") = "IDao", "IDao\IDao.csproj", "{95635B28-D480-446F-8448-19C6ED304A6F}"
EndProject
Project("{FAE04EC0-301F-11D3-BF4B-00C04F79EFBC}") = "Entity", "Entity\Entity.csproj", "{196E8B07-AEA1-411D-AE99-13CF02A3F802}"
EndProject
Project("{FAE04EC0-301F-11D3-BF4B-00C04F79EFBC}") = "Models", "Models\Models.csproj", "{3916F53B-279B-468C-B4AE-EAAAE6062C22}"
EndProject
Project("{FAE04EC0-301F-11D3-BF4B-00C04F79EFBC}") = "IService", "IService\IService.csproj", "{8D0695EE-6383-49D4-AEA4-FA2B2B246E22}"
EndProject
Project("{FAE04EC0-301F-11D3-BF4B-00C04F79EFBC}") = "Service", "Service\Service.csproj", "{3215D2BB-F3C9-4F9B-B7EB-00C08967F6C6}"
EndProject
Project("{FAE04EC0-301F-11D3-BF4B-00C04F79EFBC}") = "Constant", "Constant\Constant.csproj", "{242276DF-D652-4039-AC0A-9C8C4809BBD3}"
EndProject
Project("{2150E333-8FDC-42A3-9474-1A3956D46DE8}") = "UI", "UI", "{9540F45C-B473-40BC-9AE2-1D7F5637FE86}"
EndProject
Global
	GlobalSection(SolutionConfigurationPlatforms) = preSolution
		Debug|Any CPU = Debug|Any CPU
		Release|Any CPU = Release|Any CPU
	EndGlobalSection
	GlobalSection(ProjectConfigurationPlatforms) = postSolution
		{190C420C-E698-427B-BC33-826B020977B8}.Debug|Any CPU.ActiveCfg = Debug|Any CPU
		{190C420C-E698-427B-BC33-826B020977B8}.Debug|Any CPU.Build.0 = Debug|Any CPU
		{190C420C-E698-427B-BC33-826B020977B8}.Release|Any CPU.ActiveCfg = Release|Any CPU
		{190C420C-E698-427B-BC33-826B020977B8}.Release|Any CPU.Build.0 = Release|Any CPU
		{9870A78C-762A-4AFC-AB74-645C7688B7C8}.Debug|Any CPU.ActiveCfg = Debug|Any CPU
		{9870A78C-762A-4AFC-AB74-645C7688B7C8}.Debug|Any CPU.Build.0 = Debug|Any CPU
		{9870A78C-762A-4AFC-AB74-645C7688B7C8}.Release|Any CPU.ActiveCfg = Release|Any CPU
		{9870A78C-762A-4AFC-AB74-645C7688B7C8}.Release|Any CPU.Build.0 = Release|Any CPU
		{530DCB5D-984B-406B-A897-5C1E6888A438}.Debug|Any CPU.ActiveCfg = Debug|Any CPU
		{530DCB5D-984B-406B-A897-5C1E6888A438}.Debug|Any CPU.Build.0 = Debug|Any CPU
		{530DCB5D-984B-406B-A897-5C1E6888A438}.Release|Any CPU.ActiveCfg = Release|Any CPU
		{530DCB5D-984B-406B-A897-5C1E6888A438}.Release|Any CPU.Build.0 = Release|Any CPU
		{95635B28-D480-446F-8448-19C6ED304A6F}.Debug|Any CPU.ActiveCfg = Debug|Any CPU
		{95635B28-D480-446F-8448-19C6ED304A6F}.Debug|Any CPU.Build.0 = Debug|Any CPU
		{95635B28-D480-446F-8448-19C6ED304A6F}.Release|Any CPU.ActiveCfg = Release|Any CPU
		{95635B28-D480-446F-8448-19C6ED304A6F}.Release|Any CPU.Build.0 = Release|Any CPU
		{196E8B07-AEA1-411D-AE99-13CF02A3F802}.Debug|Any CPU.ActiveCfg = Debug|Any CPU
		{196E8B07-AEA1-411D-AE99-13CF02A3F802}.Debug|Any CPU.Build.0 = Debug|Any CPU
		{196E8B07-AEA1-411D-AE99-13CF02A3F802}.Release|Any CPU.ActiveCfg = Release|Any CPU
		{196E8B07-AEA1-411D-AE99-13CF02A3F802}.Release|Any CPU.Build.0 = Release|Any CPU
		{3916F53B-279B-468C-B4AE-EAAAE6062C22}.Debug|Any CPU.ActiveCfg = Debug|Any CPU
		{3916F53B-279B-468C-B4AE-EAAAE6062C22}.Debug|Any CPU.Build.0 = Debug|Any CPU
		{3916F53B-279B-468C-B4AE-EAAAE6062C22}.Release|Any CPU.ActiveCfg = Release|Any CPU
		{3916F53B-279B-468C-B4AE-EAAAE6062C22}.Release|Any CPU.Build.0 = Release|Any CPU
		{8D0695EE-6383-49D4-AEA4-FA2B2B246E22}.Debug|Any CPU.ActiveCfg = Debug|Any CPU
		{8D0695EE-6383-49D4-AEA4-FA2B2B246E22}.Debug|Any CPU.Build.0 = Debug|Any CPU
		{8D0695EE-6383-49D4-AEA4-FA2B2B246E22}.Release|Any CPU.ActiveCfg = Release|Any CPU
		{8D0695EE-6383-49D4-AEA4-FA2B2B246E22}.Release|Any CPU.Build.0 = Release|Any CPU
		{3215D2BB-F3C9-4F9B-B7EB-00C08967F6C6}.Debug|Any CPU.ActiveCfg = Debug|Any CPU
		{3215D2BB-F3C9-4F9B-B7EB-00C08967F6C6}.Debug|Any CPU.Build.0 = Debug|Any CPU
		{3215D2BB-F3C9-4F9B-B7EB-00C08967F6C6}.Release|Any CPU.ActiveCfg = Release|Any CPU
		{3215D2BB-F3C9-4F9B-B7EB-00C08967F6C6}.Release|Any CPU.Build.0 = Release|Any CPU
		{242276DF-D652-4039-AC0A-9C8C4809BBD3}.Debug|Any CPU.ActiveCfg = Debug|Any CPU
		{242276DF-D652-4039-AC0A-9C8C4809BBD3}.Debug|Any CPU.Build.0 = Debug|Any CPU
		{242276DF-D652-4039-AC0A-9C8C4809BBD3}.Release|Any CPU.ActiveCfg = Release|Any CPU
		{242276DF-D652-4039-AC0A-9C8C4809BBD3}.Release|Any CPU.Build.0 = Release|Any CPU
	EndGlobalSection
	GlobalSection(SolutionProperties) = preSolution
		HideSolutionNode = FALSE
	EndGlobalSection
	GlobalSection(NestedProjects) = preSolution
		{9870A78C-762A-4AFC-AB74-645C7688B7C8} = {567713F8-5B6B-4876-9527-79C4681DC982}
		{530DCB5D-984B-406B-A897-5C1E6888A438} = {6646EEC6-11AA-4224-98E0-75DF0F4363B9}
		{95635B28-D480-446F-8448-19C6ED304A6F} = {6646EEC6-11AA-4224-98E0-75DF0F4363B9}
		{196E8B07-AEA1-411D-AE99-13CF02A3F802} = {799933AE-FE49-4758-BDE8-171518D7068F}
		{3916F53B-279B-468C-B4AE-EAAAE6062C22} = {799933AE-FE49-4758-BDE8-171518D7068F}
		{8D0695EE-6383-49D4-AEA4-FA2B2B246E22} = {76E0EB01-FEBE-4EBB-BB0B-3A6BEE811540}
		{3215D2BB-F3C9-4F9B-B7EB-00C08967F6C6} = {76E0EB01-FEBE-4EBB-BB0B-3A6BEE811540}
		{242276DF-D652-4039-AC0A-9C8C4809BBD3} = {567713F8-5B6B-4876-9527-79C4681DC982}
	EndGlobalSection
EndGlobal
